
Microsoft Visual Studio Solution File, Format Version 12.00
# Visual Studio Version 16
VisualStudioVersion = 16.0.30711.63
MinimumVisualStudioVersion = 10.0.40219.1
Project("{FAE04EC0-301F-11D3-BF4B-00C04F79EFBC}") = "Rem.Android", "Rem\Rem.Android\Rem.Android.csproj", "{CE3DF86B-BE3C-434A-91E0-7EE70B061178}"
EndProject
Project("{FAE04EC0-301F-11D3-BF4B-00C04F79EFBC}") = "Rem.iOS", "Rem\Rem.iOS\Rem.iOS.csproj", "{460AEA8F-30ED-450C-8D23-ED94688C278A}"
EndProject
Project("{FAE04EC0-301F-11D3-BF4B-00C04F79EFBC}") = "Rem", "Rem\Rem\Rem.csproj", "{35153BA8-9E23-48CC-9D4A-DC6ACD30FCBE}"
EndProject
Global
	GlobalSection(SolutionConfigurationPlatforms) = preSolution
		Debug|Any CPU = Debug|Any CPU
		Debug|iPhone = Debug|iPhone
		Debug|iPhoneSimulator = Debug|iPhoneSimulator
		Release|Any CPU = Release|Any CPU
		Release|iPhone = Release|iPhone
		Release|iPhoneSimulator = Release|iPhoneSimulator
	EndGlobalSection
	GlobalSection(ProjectConfigurationPlatforms) = postSolution
		{CE3DF86B-BE3C-434A-91E0-7EE70B061178}.Debug|Any CPU.ActiveCfg = Debug|Any CPU
		{CE3DF86B-BE3C-434A-91E0-7EE70B061178}.Debug|Any CPU.Build.0 = Debug|Any CPU
		{CE3DF86B-BE3C-434A-91E0-7EE70B061178}.Debug|Any CPU.Deploy.0 = Debug|Any CPU
		{CE3DF86B-BE3C-434A-91E0-7EE70B061178}.Debug|iPhone.ActiveCfg = Debug|Any CPU
		{CE3DF86B-BE3C-434A-91E0-7EE70B061178}.Debug|iPhone.Build.0 = Debug|Any CPU
		{CE3DF86B-BE3C-434A-91E0-7EE70B061178}.Debug|iPhone.Deploy.0 = Debug|Any CPU
		{CE3DF86B-BE3C-434A-91E0-7EE70B061178}.Debug|iPhoneSimulator.ActiveCfg = Debug|Any CPU
		{CE3DF86B-BE3C-434A-91E0-7EE70B061178}.Debug|iPhoneSimulator.Build.0 = Debug|Any CPU
		{CE3DF86B-BE3C-434A-91E0-7EE70B061178}.Debug|iPhoneSimulator.Deploy.0 = Debug|Any CPU
		{CE3DF86B-BE3C-434A-91E0-7EE70B061178}.Release|Any CPU.ActiveCfg = Release|Any CPU
		{CE3DF86B-BE3C-434A-91E0-7EE70B061178}.Release|Any CPU.Build.0 = Release|Any CPU
		{CE3DF86B-BE3C-434A-91E0-7EE70B061178}.Release|Any CPU.Deploy.0 = Release|Any CPU
		{CE3DF86B-BE3C-434A-91E0-7EE70B061178}.Release|iPhone.ActiveCfg = Release|Any CPU
		{CE3DF86B-BE3C-434A-91E0-7EE70B061178}.Release|iPhone.Build.0 = Release|Any CPU
		{CE3DF86B-BE3C-434A-91E0-7EE70B061178}.Release|iPhone.Deploy.0 = Release|Any CPU
		{CE3DF86B-BE3C-434A-91E0-7EE70B061178}.Release|iPhoneSimulator.ActiveCfg = Release|Any CPU
		{CE3DF86B-BE3C-434A-91E0-7EE70B061178}.Release|iPhoneSimulator.Build.0 = Release|Any CPU
		{CE3DF86B-BE3C-434A-91E0-7EE70B061178}.Release|iPhoneSimulator.Deploy.0 = Release|Any CPU
		{460AEA8F-30ED-450C-8D23-ED94688C278A}.Debug|Any CPU.ActiveCfg = Debug|iPhone
		{460AEA8F-30ED-450C-8D23-ED94688C278A}.Debug|Any CPU.Build.0 = Debug|iPhone
		{460AEA8F-30ED-450C-8D23-ED94688C278A}.Debug|Any CPU.Deploy.0 = Debug|iPhone
		{460AEA8F-30ED-450C-8D23-ED94688C278A}.Debug|iPhone.ActiveCfg = Debug|iPhone
		{460AEA8F-30ED-450C-8D23-ED94688C278A}.Debug|iPhone.Build.0 = Debug|iPhone
		{460AEA8F-30ED-450C-8D23-ED94688C278A}.Debug|iPhone.Deploy.0 = Debug|iPhone
		{460AEA8F-30ED-450C-8D23-ED94688C278A}.Debug|iPhoneSimulator.ActiveCfg = Debug|iPhoneSimulator
		{460AEA8F-30ED-450C-8D23-ED94688C278A}.Debug|iPhoneSimulator.Build.0 = Debug|iPhoneSimulator
		{460AEA8F-30ED-450C-8D23-ED94688C278A}.Debug|iPhoneSimulator.Deploy.0 = Debug|iPhoneSimulator
		{460AEA8F-30ED-450C-8D23-ED94688C278A}.Release|Any CPU.ActiveCfg = Release|iPhoneSimulator
		{460AEA8F-30ED-450C-8D23-ED94688C278A}.Release|Any CPU.Build.0 = Release|iPhoneSimulator
		{460AEA8F-30ED-450C-8D23-ED94688C278A}.Release|Any CPU.Deploy.0 = Release|iPhoneSimulator
		{460AEA8F-30ED-450C-8D23-ED94688C278A}.Release|iPhone.ActiveCfg = Release|iPhone
		{460AEA8F-30ED-450C-8D23-ED94688C278A}.Release|iPhone.Build.0 = Release|iPhone
		{460AEA8F-30ED-450C-8D23-ED94688C278A}.Release|iPhone.Deploy.0 = Release|iPhone
		{460AEA8F-30ED-450C-8D23-ED94688C278A}.Release|iPhoneSimulator.ActiveCfg = Release|iPhoneSimulator
		{460AEA8F-30ED-450C-8D23-ED94688C278A}.Release|iPhoneSimulator.Build.0 = Release|iPhoneSimulator
		{460AEA8F-30ED-450C-8D23-ED94688C278A}.Release|iPhoneSimulator.Deploy.0 = Release|iPhoneSimulator
		{35153BA8-9E23-48CC-9D4A-DC6ACD30FCBE}.Debug|Any CPU.ActiveCfg = Debug|Any CPU
		{35153BA8-9E23-48CC-9D4A-DC6ACD30FCBE}.Debug|Any CPU.Build.0 = Debug|Any CPU
		{35153BA8-9E23-48CC-9D4A-DC6ACD30FCBE}.Debug|Any CPU.Deploy.0 = Debug|Any CPU
		{35153BA8-9E23-48CC-9D4A-DC6ACD30FCBE}.Debug|iPhone.ActiveCfg = Debug|Any CPU
		{35153BA8-9E23-48CC-9D4A-DC6ACD30FCBE}.Debug|iPhone.Build.0 = Debug|Any CPU
		{35153BA8-9E23-48CC-9D4A-DC6ACD30FCBE}.Debug|iPhone.Deploy.0 = Debug|Any CPU
		{35153BA8-9E23-48CC-9D4A-DC6ACD30FCBE}.Debug|iPhoneSimulator.ActiveCfg = Debug|Any CPU
		{35153BA8-9E23-48CC-9D4A-DC6ACD30FCBE}.Debug|iPhoneSimulator.Build.0 = Debug|Any CPU
		{35153BA8-9E23-48CC-9D4A-DC6ACD30FCBE}.Debug|iPhoneSimulator.Deploy.0 = Debug|Any CPU
		{35153BA8-9E23-48CC-9D4A-DC6ACD30FCBE}.Release|Any CPU.ActiveCfg = Release|Any CPU
		{35153BA8-9E23-48CC-9D4A-DC6ACD30FCBE}.Release|Any CPU.Build.0 = Release|Any CPU
		{35153BA8-9E23-48CC-9D4A-DC6ACD30FCBE}.Release|Any CPU.Deploy.0 = Release|Any CPU
		{35153BA8-9E23-48CC-9D4A-DC6ACD30FCBE}.Release|iPhone.ActiveCfg = Release|Any CPU
		{35153BA8-9E23-48CC-9D4A-DC6ACD30FCBE}.Release|iPhone.Build.0 = Release|Any CPU
		{35153BA8-9E23-48CC-9D4A-DC6ACD30FCBE}.Release|iPhone.Deploy.0 = Release|Any CPU
		{35153BA8-9E23-48CC-9D4A-DC6ACD30FCBE}.Release|iPhoneSimulator.ActiveCfg = Release|Any CPU
		{35153BA8-9E23-48CC-9D4A-DC6ACD30FCBE}.Release|iPhoneSimulator.Build.0 = Release|Any CPU
		{35153BA8-9E23-48CC-9D4A-DC6ACD30FCBE}.Release|iPhoneSimulator.Deploy.0 = Release|Any CPU
	EndGlobalSection
	GlobalSection(SolutionProperties) = preSolution
		HideSolutionNode = FALSE
	EndGlobalSection
	GlobalSection(ExtensibilityGlobals) = postSolution
		SolutionGuid = {E24EDAB3-C083-47FF-B7E4-3F5500B1A832}
	EndGlobalSection
EndGlobal
